// !$*UTF8*$!
{
	archiveVersion = 1;
	classes = {
	};
	objectVersion = 50;
	objects = {

/* Begin PBXBuildFile section */
		24055AC7242D13F8000ACCB6 /* AppDelegate.swift in Sources */ = {isa = PBXBuildFile; fileRef = 24055AC6242D13F8000ACCB6 /* AppDelegate.swift */; };
		24055AC9242D13F8000ACCB6 /* SceneDelegate.swift in Sources */ = {isa = PBXBuildFile; fileRef = 24055AC8242D13F8000ACCB6 /* SceneDelegate.swift */; };
		24055ACB242D13F8000ACCB6 /* ViewController.swift in Sources */ = {isa = PBXBuildFile; fileRef = 24055ACA242D13F8000ACCB6 /* ViewController.swift */; };
		24055ACE242D13F8000ACCB6 /* Main.storyboard in Resources */ = {isa = PBXBuildFile; fileRef = 24055ACC242D13F8000ACCB6 /* Main.storyboard */; };
		24055AD0242D13FA000ACCB6 /* Assets.xcassets in Resources */ = {isa = PBXBuildFile; fileRef = 24055ACF242D13FA000ACCB6 /* Assets.xcassets */; };
		24055AD3242D13FA000ACCB6 /* LaunchScreen.storyboard in Resources */ = {isa = PBXBuildFile; fileRef = 24055AD1242D13FA000ACCB6 /* LaunchScreen.storyboard */; };
		24055ADB242D26F6000ACCB6 /* waltograph42.ttf in Resources */ = {isa = PBXBuildFile; fileRef = 24055ADA242D26F6000ACCB6 /* waltograph42.ttf */; };
/* End PBXBuildFile section */

/* Begin PBXFileReference section */
		24055AC3242D13F8000ACCB6 /* Disney app.app */ = {isa = PBXFileReference; explicitFileType = wrapper.application; includeInIndex = 0; path = "Disney app.app"; sourceTree = BUILT_PRODUCTS_DIR; };
		24055AC6242D13F8000ACCB6 /* AppDelegate.swift */ = {isa = PBXFileReference; lastKnownFileType = sourcecode.swift; path = AppDelegate.swift; sourceTree = "<group>"; };
		24055AC8242D13F8000ACCB6 /* SceneDelegate.swift */ = {isa = PBXFileReference; lastKnownFileType = sourcecode.swift; path = SceneDelegate.swift; sourceTree = "<group>"; };
		24055ACA242D13F8000ACCB6 /* ViewController.swift */ = {isa = PBXFileReference; lastKnownFileType = sourcecode.swift; path = ViewController.swift; sourceTree = "<group>"; };
		24055ACD242D13F8000ACCB6 /* Base */ = {isa = PBXFileReference; lastKnownFileType = file.storyboard; name = Base; path = Base.lproj/Main.storyboard; sourceTree = "<group>"; };
		24055ACF242D13FA000ACCB6 /* Assets.xcassets */ = {isa = PBXFileReference; lastKnownFileType = folder.assetcatalog; path = Assets.xcassets; sourceTree = "<group>"; };
		24055AD2242D13FA000ACCB6 /* Base */ = {isa = PBXFileReference; lastKnownFileType = file.storyboard; name = Base; path = Base.lproj/LaunchScreen.storyboard; sourceTree = "<group>"; };
		24055AD4242D13FA000ACCB6 /* Info.plist */ = {isa = PBXFileReference; lastKnownFileType = text.plist.xml; path = Info.plist; sourceTree = "<group>"; };
		24055ADA242D26F6000ACCB6 /* waltograph42.ttf */ = {isa = PBXFileReference; lastKnownFileType = file; path = waltograph42.ttf; sourceTree = "<group>"; };
/* End PBXFileReference section */

/* Begin PBXFrameworksBuildPhase section */
		24055AC0242D13F8000ACCB6 /* Frameworks */ = {
			isa = PBXFrameworksBuildPhase;
			buildActionMask = 2147483647;
			files = (
			);
			runOnlyForDeploymentPostprocessing = 0;
		};
/* End PBXFrameworksBuildPhase section */

/* Begin PBXGroup section */
		24055ABA242D13F8000ACCB6 = {
			isa = PBXGroup;
			children = (
				24055AC5242D13F8000ACCB6 /* Disney app */,
				24055AC4242D13F8000ACCB6 /* Products */,
			);
			sourceTree = "<group>";
		};
		24055AC4242D13F8000ACCB6 /* Products */ = {
			isa = PBXGroup;
			children = (
				24055AC3242D13F8000ACCB6 /* Disney app.app */,
			);
			name = Products;
			sourceTree = "<group>";
		};
		24055AC5242D13F8000ACCB6 /* Disney app */ = {
			isa = PBXGroup;
			children = (
				24055ADA242D26F6000ACCB6 /* waltograph42.ttf */,
				24055AC6242D13F8000ACCB6 /* AppDelegate.swift */,
				24055AC8242D13F8000ACCB6 /* SceneDelegate.swift */,
				24055ACA242D13F8000ACCB6 /* ViewController.swift */,
				24055ACC242D13F8000ACCB6 /* Main.storyboard */,
				24055ACF242D13FA000ACCB6 /* Assets.xcassets */,
				24055AD1242D13FA000ACCB6 /* LaunchScreen.storyboard */,
				24055AD4242D13FA000ACCB6 /* Info.plist */,
			);
			path = "Disney app";
			sourceTree = "<group>";
		};
/* End PBXGroup section */

/* Begin PBXNativeTarget section */
		24055AC2242D13F8000ACCB6 /* Disney app */ = {
			isa = PBXNativeTarget;
			buildConfigurationList = 24055AD7242D13FA000ACCB6 /* Build configuration list for PBXNativeTarget "Disney app" */;
			buildPhases = (
				24055ABF242D13F8000ACCB6 /* Sources */,
				24055AC0242D13F8000ACCB6 /* Frameworks */,
				24055AC1242D13F8000ACCB6 /* Resources */,
			);
			buildRules = (
			);
			dependencies = (
			);
			name = "Disney app";
			productName = "Disney app";
			productReference = 24055AC3242D13F8000ACCB6 /* Disney app.app */;
			productType = "com.apple.product-type.application";
		};
/* End PBXNativeTarget section */

/* Begin PBXProject section */
		24055ABB242D13F8000ACCB6 /* Project object */ = {
			isa = PBXProject;
			attributes = {
				LastSwiftUpdateCheck = 1140;
				LastUpgradeCheck = 1140;
				ORGANIZATIONNAME = "Bilel Bouricha";
				TargetAttributes = {
					24055AC2242D13F8000ACCB6 = {
						CreatedOnToolsVersion = 11.4;
					};
				};
			};
			buildConfigurationList = 24055ABE242D13F8000ACCB6 /* Build configuration list for PBXProject "Disney app" */;
			compatibilityVersion = "Xcode 9.3";
			developmentRegion = en;
			hasScannedForEncodings = 0;
			knownRegions = (
				en,
				Base,
			);
			mainGroup = 24055ABA242D13F8000ACCB6;
			productRefGroup = 24055AC4242D13F8000ACCB6 /* Products */;
			projectDirPath = "";
			projectRoot = "";
			targets = (
				24055AC2242D13F8000ACCB6 /* Disney app */,
			);
		};
/* End PBXProject section */

/* Begin PBXResourcesBuildPhase section */
		24055AC1242D13F8000ACCB6 /* Resources */ = {
			isa = PBXResourcesBuildPhase;
			buildActionMask = 2147483647;
			files = (
				24055AD3242D13FA000ACCB6 /* LaunchScreen.storyboard in Resources */,
				24055AD0242D13FA000ACCB6 /* Assets.xcassets in Resources */,
				24055ACE242D13F8000ACCB6 /* Main.storyboard in Resources */,
				24055ADB242D26F6000ACCB6 /* waltograph42.ttf in Resources */,
			);
			runOnlyForDeploymentPostprocessing = 0;
		};
/* End PBXResourcesBuildPhase section */

/* Begin PBXSourcesBuildPhase section */
		24055ABF242D13F8000ACCB6 /* Sources */ = {
			isa = PBXSourcesBuildPhase;
			buildActionMask = 2147483647;
			files = (
				24055ACB242D13F8000ACCB6 /* ViewController.swift in Sources */,
				24055AC7242D13F8000ACCB6 /* AppDelegate.swift in Sources */,
				24055AC9242D13F8000ACCB6 /* SceneDelegate.swift in Sources */,
			);
			runOnlyForDeploymentPostprocessing = 0;
		};
/* End PBXSourcesBuildPhase section */

/* Begin PBXVariantGroup section */
		24055ACC242D13F8000ACCB6 /* Main.storyboard */ = {
			isa = PBXVariantGroup;
			children = (
				24055ACD242D13F8000ACCB6 /* Base */,
			);
			name = Main.storyboard;
			sourceTree = "<group>";
		};
		24055AD1242D13FA000ACCB6 /* LaunchScreen.storyboard */ = {
			isa = PBXVariantGroup;
			children = (
				24055AD2242D13FA000ACCB6 /* Base */,
			);
			name = LaunchScreen.storyboard;
			sourceTree = "<group>";
		};
/* End PBXVariantGroup section */

/* Begin XCBuildConfiguration section */
		24055AD5242D13FA000ACCB6 /* Debug */ = {
			isa = XCBuildConfiguration;
			buildSettings = {
				ALWAYS_SEARCH_USER_PATHS = NO;
				CLANG_ANALYZER_NONNULL = YES;
				CLANG_ANALYZER_NUMBER_OBJECT_CONVERSION = YES_AGGRESSIVE;
				CLANG_CXX_LANGUAGE_STANDARD = "gnu++14";
				CLANG_CXX_LIBRARY = "libc++";
				CLANG_ENABLE_MODULES = YES;
				CLANG_ENABLE_OBJC_ARC = YES;
				CLANG_ENABLE_OBJC_WEAK = YES;
				CLANG_WARN_BLOCK_CAPTURE_AUTORELEASING = YES;
				CLANG_WARN_BOOL_CONVERSION = YES;
				CLANG_WARN_COMMA = YES;
				CLANG_WARN_CONSTANT_CONVERSION = YES;
				CLANG_WARN_DEPRECATED_OBJC_IMPLEMENTATIONS = YES;
				CLANG_WARN_DIRECT_OBJC_ISA_USAGE = YES_ERROR;
				CLANG_WARN_DOCUMENTATION_COMMENTS = YES;
				CLANG_WARN_EMPTY_BODY = YES;
				CLANG_WARN_ENUM_CONVERSION = YES;
				CLANG_WARN_INFINITE_RECURSION = YES;
				CLANG_WARN_INT_CONVERSION = YES;
				CLANG_WARN_NON_LITERAL_NULL_CONVERSION = YES;
				CLANG_WARN_OBJC_IMPLICIT_RETAIN_SELF = YES;
				CLANG_WARN_OBJC_LITERAL_CONVERSION = YES;
				CLANG_WARN_OBJC_ROOT_CLASS = YES_ERROR;
				CLANG_WARN_RANGE_LOOP_ANALYSIS = YES;
				CLANG_WARN_STRICT_PROTOTYPES = YES;
				CLANG_WARN_SUSPICIOUS_MOVE = YES;
				CLANG_WARN_UNGUARDED_AVAILABILITY = YES_AGGRESSIVE;
				CLANG_WARN_UNREACHABLE_CODE = YES;
				CLANG_WARN__DUPLICATE_METHOD_MATCH = YES;
				COPY_PHASE_STRIP = NO;
				DEBUG_INFORMATION_FORMAT = dwarf;
				ENABLE_STRICT_OBJC_MSGSEND = YES;
				ENABLE_TESTABILITY = YES;
				GCC_C_LANGUAGE_STANDARD = gnu11;
				GCC_DYNAMIC_NO_PIC = NO;
				GCC_NO_COMMON_BLOCKS = YES;
				GCC_OPTIMIZATION_LEVEL = 0;
				GCC_PREPROCESSOR_DEFINITIONS = (
					"DEBUG=1",
					"$(inherited)",
				);
				GCC_WARN_64_TO_32_BIT_CONVERSION = YES;
				GCC_WARN_ABOUT_RETURN_TYPE = YES_ERROR;
				GCC_WARN_UNDECLARED_SELECTOR = YES;
				GCC_WARN_UNINITIALIZED_AUTOS = YES_AGGRESSIVE;
				GCC_WARN_UNUSED_FUNCTION = YES;
				GCC_WARN_UNUSED_VARIABLE = YES;
				IPHONEOS_DEPLOYMENT_TARGET = 13.4;
				MTL_ENABLE_DEBUG_INFO = INCLUDE_SOURCE;
				MTL_FAST_MATH = YES;
				ONLY_ACTIVE_ARCH = YES;
				SDKROOT = iphoneos;
				SWIFT_ACTIVE_COMPILATION_CONDITIONS = DEBUG;
				SWIFT_OPTIMIZATION_LEVEL = "-Onone";
			};
			name = Debug;
		};
		24055AD6242D13FA000ACCB6 /* Release */ = {
			isa = XCBuildConfiguration;
			buildSettings = {
				ALWAYS_SEARCH_USER_PATHS = NO;
				CLANG_ANALYZER_NONNULL = YES;
				CLANG_ANALYZER_NUMBER_OBJECT_CONVERSION = YES_AGGRESSIVE;
				CLANG_CXX_LANGUAGE_STANDARD = "gnu++14";
				CLANG_CXX_LIBRARY = "libc++";
				CLANG_ENABLE_MODULES = YES;
				CLANG_ENABLE_OBJC_ARC = YES;
				CLANG_ENABLE_OBJC_WEAK = YES;
				CLANG_WARN_BLOCK_CAPTURE_AUTORELEASING = YES;
				CLANG_WARN_BOOL_CONVERSION = YES;
				CLANG_WARN_COMMA = YES;
				CLANG_WARN_CONSTANT_CONVERSION = YES;
				CLANG_WARN_DEPRECATED_OBJC_IMPLEMENTATIONS = YES;
				CLANG_WARN_DIRECT_OBJC_ISA_USAGE = YES_ERROR;
				CLANG_WARN_DOCUMENTATION_COMMENTS = YES;
				CLANG_WARN_EMPTY_BODY = YES;
				CLANG_WARN_ENUM_CONVERSION = YES;
				CLANG_WARN_INFINITE_RECURSION = YES;
				CLANG_WARN_INT_CONVERSION = YES;
				CLANG_WARN_NON_LITERAL_NULL_CONVERSION = YES;
				CLANG_WARN_OBJC_IMPLICIT_RETAIN_SELF = YES;
				CLANG_WARN_OBJC_LITERAL_CONVERSION = YES;
				CLANG_WARN_OBJC_ROOT_CLASS = YES_ERROR;
				CLANG_WARN_RANGE_LOOP_ANALYSIS = YES;
				CLANG_WARN_STRICT_PROTOTYPES = YES;
				CLANG_WARN_SUSPICIOUS_MOVE = YES;
				CLANG_WARN_UNGUARDED_AVAILABILITY = YES_AGGRESSIVE;
				CLANG_WARN_UNREACHABLE_CODE = YES;
				CLANG_WARN__DUPLICATE_METHOD_MATCH = YES;
				COPY_PHASE_STRIP = NO;
				DEBUG_INFORMATION_FORMAT = "dwarf-with-dsym";
				ENABLE_NS_ASSERTIONS = NO;
				ENABLE_STRICT_OBJC_MSGSEND = YES;
				GCC_C_LANGUAGE_STANDARD = gnu11;
				GCC_NO_COMMON_BLOCKS = YES;
				GCC_WARN_64_TO_32_BIT_CONVERSION = YES;
				GCC_WARN_ABOUT_RETURN_TYPE = YES_ERROR;
				GCC_WARN_UNDECLARED_SELECTOR = YES;
				GCC_WARN_UNINITIALIZED_AUTOS = YES_AGGRESSIVE;
				GCC_WARN_UNUSED_FUNCTION = YES;
				GCC_WARN_UNUSED_VARIABLE = YES;
				IPHONEOS_DEPLOYMENT_TARGET = 13.4;
				MTL_ENABLE_DEBUG_INFO = NO;
				MTL_FAST_MATH = YES;
				SDKROOT = iphoneos;
				SWIFT_COMPILATION_MODE = wholemodule;
				SWIFT_OPTIMIZATION_LEVEL = "-O";
				VALIDATE_PRODUCT = YES;
			};
			name = Release;
		};
		24055AD8242D13FA000ACCB6 /* Debug */ = {
			isa = XCBuildConfiguration;
			buildSettings = {
				ASSETCATALOG_COMPILER_APPICON_NAME = AppIcon;
				CODE_SIGN_STYLE = Automatic;
				DEVELOPMENT_TEAM = 223PZ4VYA4;
				INFOPLIST_FILE = "Disney app/Info.plist";
				LD_RUNPATH_SEARCH_PATHS = (
					"$(inherited)",
					"@executable_path/Frameworks",
				);
				PRODUCT_BUNDLE_IDENTIFIER = "bilelbouricha.fr.Disney-app";
				PRODUCT_NAME = "$(TARGET_NAME)";
				SWIFT_VERSION = 5.0;
				TARGETED_DEVICE_FAMILY = "1,2";
			};
			name = Debug;
		};
		24055AD9242D13FA000ACCB6 /* Release */ = {
			isa = XCBuildConfiguration;
			buildSettings = {
				ASSETCATALOG_COMPILER_APPICON_NAME = AppIcon;
				CODE_SIGN_STYLE = Automatic;
				DEVELOPMENT_TEAM = 223PZ4VYA4;
				INFOPLIST_FILE = "Disney app/Info.plist";
				LD_RUNPATH_SEARCH_PATHS = (
					"$(inherited)",
					"@executable_path/Frameworks",
				);
				PRODUCT_BUNDLE_IDENTIFIER = "bilelbouricha.fr.Disney-app";
				PRODUCT_NAME = "$(TARGET_NAME)";
				SWIFT_VERSION = 5.0;
				TARGETED_DEVICE_FAMILY = "1,2";
			};
			name = Release;
		};
/* End XCBuildConfiguration section */

/* Begin XCConfigurationList section */
		24055ABE242D13F8000ACCB6 /* Build configuration list for PBXProject "Disney app" */ = {
			isa = XCConfigurationList;
			buildConfigurations = (
				24055AD5242D13FA000ACCB6 /* Debug */,
				24055AD6242D13FA000ACCB6 /* Release */,
			);
			defaultConfigurationIsVisible = 0;
			defaultConfigurationName = Release;
		};
		24055AD7242D13FA000ACCB6 /* Build configuration list for PBXNativeTarget "Disney app" */ = {
			isa = XCConfigurationList;
			buildConfigurations = (
				24055AD8242D13FA000ACCB6 /* Debug */,
				24055AD9242D13FA000ACCB6 /* Release */,
			);
			defaultConfigurationIsVisible = 0;
			defaultConfigurationName = Release;
		};
/* End XCConfigurationList section */
	};
	rootObject = 24055ABB242D13F8000ACCB6 /* Project object */;
}
